// !$*UTF8*$!
{
	archiveVersion = 1;
	classes = {
	};
	objectVersion = 56;
	objects = {

/* Begin PBXBuildFile section */
		11400A372A2735F700751E1A /* AppDelegate.swift in Sources */ = {isa = PBXBuildFile; fileRef = 11400A362A2735F700751E1A /* AppDelegate.swift */; };
		11400A392A2735F700751E1A /* SceneDelegate.swift in Sources */ = {isa = PBXBuildFile; fileRef = 11400A382A2735F700751E1A /* SceneDelegate.swift */; };
		11400A3B2A2735F700751E1A /* ViewController.swift in Sources */ = {isa = PBXBuildFile; fileRef = 11400A3A2A2735F700751E1A /* ViewController.swift */; };
		11400A3E2A2735F700751E1A /* Main.storyboard in Resources */ = {isa = PBXBuildFile; fileRef = 11400A3C2A2735F700751E1A /* Main.storyboard */; };
		11400A412A2735F700751E1A /* Pill_Schedule.xcdatamodeld in Sources */ = {isa = PBXBuildFile; fileRef = 11400A3F2A2735F700751E1A /* Pill_Schedule.xcdatamodeld */; };
		11400A432A2735F800751E1A /* Assets.xcassets in Resources */ = {isa = PBXBuildFile; fileRef = 11400A422A2735F800751E1A /* Assets.xcassets */; };
		11400A462A2735F800751E1A /* LaunchScreen.storyboard in Resources */ = {isa = PBXBuildFile; fileRef = 11400A442A2735F800751E1A /* LaunchScreen.storyboard */; };
		11400A4F2A273A7800751E1A /* R.generated.swift in Sources */ = {isa = PBXBuildFile; fileRef = 11400A4E2A273A7800751E1A /* R.generated.swift */; };
		11400A512A273C8100751E1A /* GoogleService-Info.plist in Resources */ = {isa = PBXBuildFile; fileRef = 11400A502A273C8100751E1A /* GoogleService-Info.plist */; };
		352D5C0B61B6710BC14F3744 /* Pods_Pill_Schedule.framework in Frameworks */ = {isa = PBXBuildFile; fileRef = 0FC939FBE800F91926364B70 /* Pods_Pill_Schedule.framework */; };
/* End PBXBuildFile section */

/* Begin PBXFileReference section */
		0FC939FBE800F91926364B70 /* Pods_Pill_Schedule.framework */ = {isa = PBXFileReference; explicitFileType = wrapper.framework; includeInIndex = 0; path = Pods_Pill_Schedule.framework; sourceTree = BUILT_PRODUCTS_DIR; };
		11400A332A2735F700751E1A /* Pill-Schedule.app */ = {isa = PBXFileReference; explicitFileType = wrapper.application; includeInIndex = 0; path = "Pill-Schedule.app"; sourceTree = BUILT_PRODUCTS_DIR; };
		11400A362A2735F700751E1A /* AppDelegate.swift */ = {isa = PBXFileReference; lastKnownFileType = sourcecode.swift; path = AppDelegate.swift; sourceTree = "<group>"; };
		11400A382A2735F700751E1A /* SceneDelegate.swift */ = {isa = PBXFileReference; lastKnownFileType = sourcecode.swift; path = SceneDelegate.swift; sourceTree = "<group>"; };
		11400A3A2A2735F700751E1A /* ViewController.swift */ = {isa = PBXFileReference; lastKnownFileType = sourcecode.swift; path = ViewController.swift; sourceTree = "<group>"; };
		11400A3D2A2735F700751E1A /* Base */ = {isa = PBXFileReference; lastKnownFileType = file.storyboard; name = Base; path = Base.lproj/Main.storyboard; sourceTree = "<group>"; };
		11400A402A2735F700751E1A /* Pill_Schedule.xcdatamodel */ = {isa = PBXFileReference; lastKnownFileType = wrapper.xcdatamodel; path = Pill_Schedule.xcdatamodel; sourceTree = "<group>"; };
		11400A422A2735F800751E1A /* Assets.xcassets */ = {isa = PBXFileReference; lastKnownFileType = folder.assetcatalog; path = Assets.xcassets; sourceTree = "<group>"; };
		11400A452A2735F800751E1A /* Base */ = {isa = PBXFileReference; lastKnownFileType = file.storyboard; name = Base; path = Base.lproj/LaunchScreen.storyboard; sourceTree = "<group>"; };
		11400A472A2735F800751E1A /* Info.plist */ = {isa = PBXFileReference; lastKnownFileType = text.plist.xml; path = Info.plist; sourceTree = "<group>"; };
		11400A4E2A273A7800751E1A /* R.generated.swift */ = {isa = PBXFileReference; fileEncoding = 4; lastKnownFileType = sourcecode.swift; path = R.generated.swift; sourceTree = SOURCE_ROOT; };
		11400A502A273C8100751E1A /* GoogleService-Info.plist */ = {isa = PBXFileReference; fileEncoding = 4; lastKnownFileType = text.plist.xml; name = "GoogleService-Info.plist"; path = "../../../../Downloads/GoogleService-Info.plist"; sourceTree = "<group>"; };
		8AAEE064348429D8E370FB7D /* Pods-Pill-Schedule.debug.xcconfig */ = {isa = PBXFileReference; includeInIndex = 1; lastKnownFileType = text.xcconfig; name = "Pods-Pill-Schedule.debug.xcconfig"; path = "Target Support Files/Pods-Pill-Schedule/Pods-Pill-Schedule.debug.xcconfig"; sourceTree = "<group>"; };
		A7885F8EB21951C0CA0E75A0 /* Pods-Pill-Schedule.release.xcconfig */ = {isa = PBXFileReference; includeInIndex = 1; lastKnownFileType = text.xcconfig; name = "Pods-Pill-Schedule.release.xcconfig"; path = "Target Support Files/Pods-Pill-Schedule/Pods-Pill-Schedule.release.xcconfig"; sourceTree = "<group>"; };
/* End PBXFileReference section */

/* Begin PBXFrameworksBuildPhase section */
		11400A302A2735F700751E1A /* Frameworks */ = {
			isa = PBXFrameworksBuildPhase;
			buildActionMask = 2147483647;
			files = (
				352D5C0B61B6710BC14F3744 /* Pods_Pill_Schedule.framework in Frameworks */,
			);
			runOnlyForDeploymentPostprocessing = 0;
		};
/* End PBXFrameworksBuildPhase section */

/* Begin PBXGroup section */
		11400A2A2A2735F600751E1A = {
			isa = PBXGroup;
			children = (
				11400A352A2735F700751E1A /* Pill-Schedule */,
				11400A342A2735F700751E1A /* Products */,
				2C9209D61C61F87A20DC0068 /* Pods */,
				6989D02EE83982D7BCDF2D42 /* Frameworks */,
			);
			sourceTree = "<group>";
		};
		11400A342A2735F700751E1A /* Products */ = {
			isa = PBXGroup;
			children = (
				11400A332A2735F700751E1A /* Pill-Schedule.app */,
			);
			name = Products;
			sourceTree = "<group>";
		};
		11400A352A2735F700751E1A /* Pill-Schedule */ = {
			isa = PBXGroup;
			children = (
				11400A4E2A273A7800751E1A /* R.generated.swift */,
				11400A362A2735F700751E1A /* AppDelegate.swift */,
				11400A382A2735F700751E1A /* SceneDelegate.swift */,
				11400A3A2A2735F700751E1A /* ViewController.swift */,
				11400A3C2A2735F700751E1A /* Main.storyboard */,
				11400A422A2735F800751E1A /* Assets.xcassets */,
				11400A442A2735F800751E1A /* LaunchScreen.storyboard */,
				11400A472A2735F800751E1A /* Info.plist */,
				11400A502A273C8100751E1A /* GoogleService-Info.plist */,
				11400A3F2A2735F700751E1A /* Pill_Schedule.xcdatamodeld */,
			);
			path = "Pill-Schedule";
			sourceTree = "<group>";
		};
		2C9209D61C61F87A20DC0068 /* Pods */ = {
			isa = PBXGroup;
			children = (
				8AAEE064348429D8E370FB7D /* Pods-Pill-Schedule.debug.xcconfig */,
				A7885F8EB21951C0CA0E75A0 /* Pods-Pill-Schedule.release.xcconfig */,
			);
			path = Pods;
			sourceTree = "<group>";
		};
		6989D02EE83982D7BCDF2D42 /* Frameworks */ = {
			isa = PBXGroup;
			children = (
				0FC939FBE800F91926364B70 /* Pods_Pill_Schedule.framework */,
			);
			name = Frameworks;
			sourceTree = "<group>";
		};
/* End PBXGroup section */

/* Begin PBXNativeTarget section */
		11400A322A2735F700751E1A /* Pill-Schedule */ = {
			isa = PBXNativeTarget;
			buildConfigurationList = 11400A4A2A2735F800751E1A /* Build configuration list for PBXNativeTarget "Pill-Schedule" */;
			buildPhases = (
				DB5FDDA899B46FD8E3226BFD /* [CP] Check Pods Manifest.lock */,
				11400A4D2A2737FF00751E1A /* ShellScript */,
				11400A2F2A2735F700751E1A /* Sources */,
				11400A302A2735F700751E1A /* Frameworks */,
				11400A312A2735F700751E1A /* Resources */,
				188885EF48FD0BC81F892BC5 /* [CP] Embed Pods Frameworks */,
			);
			buildRules = (
			);
			dependencies = (
			);
			name = "Pill-Schedule";
			productName = "Pill-Schedule";
			productReference = 11400A332A2735F700751E1A /* Pill-Schedule.app */;
			productType = "com.apple.product-type.application";
		};
/* End PBXNativeTarget section */

/* Begin PBXProject section */
		11400A2B2A2735F600751E1A /* Project object */ = {
			isa = PBXProject;
			attributes = {
				BuildIndependentTargetsInParallel = 1;
				LastSwiftUpdateCheck = 1430;
				LastUpgradeCheck = 1430;
				TargetAttributes = {
					11400A322A2735F700751E1A = {
						CreatedOnToolsVersion = 14.3;
					};
				};
			};
			buildConfigurationList = 11400A2E2A2735F600751E1A /* Build configuration list for PBXProject "Pill-Schedule" */;
			compatibilityVersion = "Xcode 14.0";
			developmentRegion = en;
			hasScannedForEncodings = 0;
			knownRegions = (
				en,
				Base,
			);
			mainGroup = 11400A2A2A2735F600751E1A;
			productRefGroup = 11400A342A2735F700751E1A /* Products */;
			projectDirPath = "";
			projectRoot = "";
			targets = (
				11400A322A2735F700751E1A /* Pill-Schedule */,
			);
		};
/* End PBXProject section */

/* Begin PBXResourcesBuildPhase section */
		11400A312A2735F700751E1A /* Resources */ = {
			isa = PBXResourcesBuildPhase;
			buildActionMask = 2147483647;
			files = (
				11400A462A2735F800751E1A /* LaunchScreen.storyboard in Resources */,
				11400A512A273C8100751E1A /* GoogleService-Info.plist in Resources */,
				11400A432A2735F800751E1A /* Assets.xcassets in Resources */,
				11400A3E2A2735F700751E1A /* Main.storyboard in Resources */,
			);
			runOnlyForDeploymentPostprocessing = 0;
		};
/* End PBXResourcesBuildPhase section */

/* Begin PBXShellScriptBuildPhase section */
		11400A4D2A2737FF00751E1A /* ShellScript */ = {
			isa = PBXShellScriptBuildPhase;
			alwaysOutOfDate = 1;
			buildActionMask = 2147483647;
			files = (
			);
			inputFileListPaths = (
			);
			inputPaths = (
			);
			outputFileListPaths = (
			);
			outputPaths = (
				"$SRCROOT/Pill-Schedule/Pill-Schedule/R.generated.swift",
			);
			runOnlyForDeploymentPostprocessing = 0;
			shellPath = /bin/sh;
			shellScript = "\"$PODS_ROOT/R.swift/rswift\" generate \"$SRCROOT/R.generated.swift\"\n";
		};
		188885EF48FD0BC81F892BC5 /* [CP] Embed Pods Frameworks */ = {
			isa = PBXShellScriptBuildPhase;
			buildActionMask = 2147483647;
			files = (
			);
			inputFileListPaths = (
				"${PODS_ROOT}/Target Support Files/Pods-Pill-Schedule/Pods-Pill-Schedule-frameworks-${CONFIGURATION}-input-files.xcfilelist",
			);
			name = "[CP] Embed Pods Frameworks";
			outputFileListPaths = (
				"${PODS_ROOT}/Target Support Files/Pods-Pill-Schedule/Pods-Pill-Schedule-frameworks-${CONFIGURATION}-output-files.xcfilelist",
			);
			runOnlyForDeploymentPostprocessing = 0;
			shellPath = /bin/sh;
			shellScript = "\"${PODS_ROOT}/Target Support Files/Pods-Pill-Schedule/Pods-Pill-Schedule-frameworks.sh\"\n";
			showEnvVarsInLog = 0;
		};
		DB5FDDA899B46FD8E3226BFD /* [CP] Check Pods Manifest.lock */ = {
			isa = PBXShellScriptBuildPhase;
			buildActionMask = 2147483647;
			files = (
			);
			inputFileListPaths = (
			);
			inputPaths = (
				"${PODS_PODFILE_DIR_PATH}/Podfile.lock",
				"${PODS_ROOT}/Manifest.lock",
			);
			name = "[CP] Check Pods Manifest.lock";
			outputFileListPaths = (
			);
			outputPaths = (
				"$(DERIVED_FILE_DIR)/Pods-Pill-Schedule-checkManifestLockResult.txt",
			);
			runOnlyForDeploymentPostprocessing = 0;
			shellPath = /bin/sh;
			shellScript = "diff \"${PODS_PODFILE_DIR_PATH}/Podfile.lock\" \"${PODS_ROOT}/Manifest.lock\" > /dev/null\nif [ $? != 0 ] ; then\n    # print error to STDERR\n    echo \"error: The sandbox is not in sync with the Podfile.lock. Run 'pod install' or update your CocoaPods installation.\" >&2\n    exit 1\nfi\n# This output is used by Xcode 'outputs' to avoid re-running this script phase.\necho \"SUCCESS\" > \"${SCRIPT_OUTPUT_FILE_0}\"\n";
			showEnvVarsInLog = 0;
		};
/* End PBXShellScriptBuildPhase section */

/* Begin PBXSourcesBuildPhase section */
		11400A2F2A2735F700751E1A /* Sources */ = {
			isa = PBXSourcesBuildPhase;
			buildActionMask = 2147483647;
			files = (
				11400A3B2A2735F700751E1A /* ViewController.swift in Sources */,
				11400A372A2735F700751E1A /* AppDelegate.swift in Sources */,
				11400A4F2A273A7800751E1A /* R.generated.swift in Sources */,
				11400A392A2735F700751E1A /* SceneDelegate.swift in Sources */,
				11400A412A2735F700751E1A /* Pill_Schedule.xcdatamodeld in Sources */,
			);
			runOnlyForDeploymentPostprocessing = 0;
		};
/* End PBXSourcesBuildPhase section */

/* Begin PBXVariantGroup section */
		11400A3C2A2735F700751E1A /* Main.storyboard */ = {
			isa = PBXVariantGroup;
			children = (
				11400A3D2A2735F700751E1A /* Base */,
			);
			name = Main.storyboard;
			sourceTree = "<group>";
		};
		11400A442A2735F800751E1A /* LaunchScreen.storyboard */ = {
			isa = PBXVariantGroup;
			children = (
				11400A452A2735F800751E1A /* Base */,
			);
			name = LaunchScreen.storyboard;
			sourceTree = "<group>";
		};
/* End PBXVariantGroup section */

/* Begin XCBuildConfiguration section */
		11400A482A2735F800751E1A /* Debug */ = {
			isa = XCBuildConfiguration;
			buildSettings = {
				ALWAYS_SEARCH_USER_PATHS = NO;
				CLANG_ANALYZER_NONNULL = YES;
				CLANG_ANALYZER_NUMBER_OBJECT_CONVERSION = YES_AGGRESSIVE;
				CLANG_CXX_LANGUAGE_STANDARD = "gnu++20";
				CLANG_ENABLE_MODULES = YES;
				CLANG_ENABLE_OBJC_ARC = YES;
				CLANG_ENABLE_OBJC_WEAK = YES;
				CLANG_WARN_BLOCK_CAPTURE_AUTORELEASING = YES;
				CLANG_WARN_BOOL_CONVERSION = YES;
				CLANG_WARN_COMMA = YES;
				CLANG_WARN_CONSTANT_CONVERSION = YES;
				CLANG_WARN_DEPRECATED_OBJC_IMPLEMENTATIONS = YES;
				CLANG_WARN_DIRECT_OBJC_ISA_USAGE = YES_ERROR;
				CLANG_WARN_DOCUMENTATION_COMMENTS = YES;
				CLANG_WARN_EMPTY_BODY = YES;
				CLANG_WARN_ENUM_CONVERSION = YES;
				CLANG_WARN_INFINITE_RECURSION = YES;
				CLANG_WARN_INT_CONVERSION = YES;
				CLANG_WARN_NON_LITERAL_NULL_CONVERSION = YES;
				CLANG_WARN_OBJC_IMPLICIT_RETAIN_SELF = YES;
				CLANG_WARN_OBJC_LITERAL_CONVERSION = YES;
				CLANG_WARN_OBJC_ROOT_CLASS = YES_ERROR;
				CLANG_WARN_QUOTED_INCLUDE_IN_FRAMEWORK_HEADER = YES;
				CLANG_WARN_RANGE_LOOP_ANALYSIS = YES;
				CLANG_WARN_STRICT_PROTOTYPES = YES;
				CLANG_WARN_SUSPICIOUS_MOVE = YES;
				CLANG_WARN_UNGUARDED_AVAILABILITY = YES_AGGRESSIVE;
				CLANG_WARN_UNREACHABLE_CODE = YES;
				CLANG_WARN__DUPLICATE_METHOD_MATCH = YES;
				COPY_PHASE_STRIP = NO;
				DEBUG_INFORMATION_FORMAT = dwarf;
				ENABLE_STRICT_OBJC_MSGSEND = YES;
				ENABLE_TESTABILITY = YES;
				GCC_C_LANGUAGE_STANDARD = gnu11;
				GCC_DYNAMIC_NO_PIC = NO;
				GCC_NO_COMMON_BLOCKS = YES;
				GCC_OPTIMIZATION_LEVEL = 0;
				GCC_PREPROCESSOR_DEFINITIONS = (
					"DEBUG=1",
					"$(inherited)",
				);
				GCC_WARN_64_TO_32_BIT_CONVERSION = YES;
				GCC_WARN_ABOUT_RETURN_TYPE = YES_ERROR;
				GCC_WARN_UNDECLARED_SELECTOR = YES;
				GCC_WARN_UNINITIALIZED_AUTOS = YES_AGGRESSIVE;
				GCC_WARN_UNUSED_FUNCTION = YES;
				GCC_WARN_UNUSED_VARIABLE = YES;
				IPHONEOS_DEPLOYMENT_TARGET = 16.4;
				MTL_ENABLE_DEBUG_INFO = INCLUDE_SOURCE;
				MTL_FAST_MATH = YES;
				ONLY_ACTIVE_ARCH = YES;
				SDKROOT = iphoneos;
				SWIFT_ACTIVE_COMPILATION_CONDITIONS = DEBUG;
				SWIFT_OPTIMIZATION_LEVEL = "-Onone";
			};
			name = Debug;
		};
		11400A492A2735F800751E1A /* Release */ = {
			isa = XCBuildConfiguration;
			buildSettings = {
				ALWAYS_SEARCH_USER_PATHS = NO;
				CLANG_ANALYZER_NONNULL = YES;
				CLANG_ANALYZER_NUMBER_OBJECT_CONVERSION = YES_AGGRESSIVE;
				CLANG_CXX_LANGUAGE_STANDARD = "gnu++20";
				CLANG_ENABLE_MODULES = YES;
				CLANG_ENABLE_OBJC_ARC = YES;
				CLANG_ENABLE_OBJC_WEAK = YES;
				CLANG_WARN_BLOCK_CAPTURE_AUTORELEASING = YES;
				CLANG_WARN_BOOL_CONVERSION = YES;
				CLANG_WARN_COMMA = YES;
				CLANG_WARN_CONSTANT_CONVERSION = YES;
				CLANG_WARN_DEPRECATED_OBJC_IMPLEMENTATIONS = YES;
				CLANG_WARN_DIRECT_OBJC_ISA_USAGE = YES_ERROR;
				CLANG_WARN_DOCUMENTATION_COMMENTS = YES;
				CLANG_WARN_EMPTY_BODY = YES;
				CLANG_WARN_ENUM_CONVERSION = YES;
				CLANG_WARN_INFINITE_RECURSION = YES;
				CLANG_WARN_INT_CONVERSION = YES;
				CLANG_WARN_NON_LITERAL_NULL_CONVERSION = YES;
				CLANG_WARN_OBJC_IMPLICIT_RETAIN_SELF = YES;
				CLANG_WARN_OBJC_LITERAL_CONVERSION = YES;
				CLANG_WARN_OBJC_ROOT_CLASS = YES_ERROR;
				CLANG_WARN_QUOTED_INCLUDE_IN_FRAMEWORK_HEADER = YES;
				CLANG_WARN_RANGE_LOOP_ANALYSIS = YES;
				CLANG_WARN_STRICT_PROTOTYPES = YES;
				CLANG_WARN_SUSPICIOUS_MOVE = YES;
				CLANG_WARN_UNGUARDED_AVAILABILITY = YES_AGGRESSIVE;
				CLANG_WARN_UNREACHABLE_CODE = YES;
				CLANG_WARN__DUPLICATE_METHOD_MATCH = YES;
				COPY_PHASE_STRIP = NO;
				DEBUG_INFORMATION_FORMAT = "dwarf-with-dsym";
				ENABLE_NS_ASSERTIONS = NO;
				ENABLE_STRICT_OBJC_MSGSEND = YES;
				GCC_C_LANGUAGE_STANDARD = gnu11;
				GCC_NO_COMMON_BLOCKS = YES;
				GCC_WARN_64_TO_32_BIT_CONVERSION = YES;
				GCC_WARN_ABOUT_RETURN_TYPE = YES_ERROR;
				GCC_WARN_UNDECLARED_SELECTOR = YES;
				GCC_WARN_UNINITIALIZED_AUTOS = YES_AGGRESSIVE;
				GCC_WARN_UNUSED_FUNCTION = YES;
				GCC_WARN_UNUSED_VARIABLE = YES;
				IPHONEOS_DEPLOYMENT_TARGET = 16.4;
				MTL_ENABLE_DEBUG_INFO = NO;
				MTL_FAST_MATH = YES;
				SDKROOT = iphoneos;
				SWIFT_COMPILATION_MODE = wholemodule;
				SWIFT_OPTIMIZATION_LEVEL = "-O";
				VALIDATE_PRODUCT = YES;
			};
			name = Release;
		};
		11400A4B2A2735F800751E1A /* Debug */ = {
			isa = XCBuildConfiguration;
			baseConfigurationReference = 8AAEE064348429D8E370FB7D /* Pods-Pill-Schedule.debug.xcconfig */;
			buildSettings = {
				ASSETCATALOG_COMPILER_APPICON_NAME = AppIcon;
				ASSETCATALOG_COMPILER_GLOBAL_ACCENT_COLOR_NAME = AccentColor;
				CODE_SIGN_STYLE = Automatic;
				CURRENT_PROJECT_VERSION = 1;
				DEVELOPMENT_TEAM = KS74W7M7ZU;
				GENERATE_INFOPLIST_FILE = YES;
				INFOPLIST_FILE = "Pill-Schedule/Info.plist";
				INFOPLIST_KEY_UIApplicationSupportsIndirectInputEvents = YES;
				INFOPLIST_KEY_UILaunchStoryboardName = LaunchScreen;
				INFOPLIST_KEY_UIMainStoryboardFile = Main;
				INFOPLIST_KEY_UISupportedInterfaceOrientations_iPad = "UIInterfaceOrientationPortrait UIInterfaceOrientationPortraitUpsideDown UIInterfaceOrientationLandscapeLeft UIInterfaceOrientationLandscapeRight";
				INFOPLIST_KEY_UISupportedInterfaceOrientations_iPhone = "UIInterfaceOrientationPortrait UIInterfaceOrientationLandscapeLeft UIInterfaceOrientationLandscapeRight";
				LD_RUNPATH_SEARCH_PATHS = (
					"$(inherited)",
					"@executable_path/Frameworks",
				);
				MARKETING_VERSION = 1.0;
				PRODUCT_BUNDLE_IDENTIFIER = "nktshklv.Pill-Schedule";
				PRODUCT_NAME = "$(TARGET_NAME)";
				SWIFT_EMIT_LOC_STRINGS = YES;
				SWIFT_VERSION = 5.0;
				TARGETED_DEVICE_FAMILY = "1,2";
			};
			name = Debug;
		};
		11400A4C2A2735F800751E1A /* Release */ = {
			isa = XCBuildConfiguration;
			baseConfigurationReference = A7885F8EB21951C0CA0E75A0 /* Pods-Pill-Schedule.release.xcconfig */;
			buildSettings = {
				ASSETCATALOG_COMPILER_APPICON_NAME = AppIcon;
				ASSETCATALOG_COMPILER_GLOBAL_ACCENT_COLOR_NAME = AccentColor;
				CODE_SIGN_STYLE = Automatic;
				CURRENT_PROJECT_VERSION = 1;
				DEVELOPMENT_TEAM = KS74W7M7ZU;
				GENERATE_INFOPLIST_FILE = YES;
				INFOPLIST_FILE = "Pill-Schedule/Info.plist";
				INFOPLIST_KEY_UIApplicationSupportsIndirectInputEvents = YES;
				INFOPLIST_KEY_UILaunchStoryboardName = LaunchScreen;
				INFOPLIST_KEY_UIMainStoryboardFile = Main;
				INFOPLIST_KEY_UISupportedInterfaceOrientations_iPad = "UIInterfaceOrientationPortrait UIInterfaceOrientationPortraitUpsideDown UIInterfaceOrientationLandscapeLeft UIInterfaceOrientationLandscapeRight";
				INFOPLIST_KEY_UISupportedInterfaceOrientations_iPhone = "UIInterfaceOrientationPortrait UIInterfaceOrientationLandscapeLeft UIInterfaceOrientationLandscapeRight";
				LD_RUNPATH_SEARCH_PATHS = (
					"$(inherited)",
					"@executable_path/Frameworks",
				);
				MARKETING_VERSION = 1.0;
				PRODUCT_BUNDLE_IDENTIFIER = "nktshklv.Pill-Schedule";
				PRODUCT_NAME = "$(TARGET_NAME)";
				SWIFT_EMIT_LOC_STRINGS = YES;
				SWIFT_VERSION = 5.0;
				TARGETED_DEVICE_FAMILY = "1,2";
			};
			name = Release;
		};
/* End XCBuildConfiguration section */

/* Begin XCConfigurationList section */
		11400A2E2A2735F600751E1A /* Build configuration list for PBXProject "Pill-Schedule" */ = {
			isa = XCConfigurationList;
			buildConfigurations = (
				11400A482A2735F800751E1A /* Debug */,
				11400A492A2735F800751E1A /* Release */,
			);
			defaultConfigurationIsVisible = 0;
			defaultConfigurationName = Release;
		};
		11400A4A2A2735F800751E1A /* Build configuration list for PBXNativeTarget "Pill-Schedule" */ = {
			isa = XCConfigurationList;
			buildConfigurations = (
				11400A4B2A2735F800751E1A /* Debug */,
				11400A4C2A2735F800751E1A /* Release */,
			);
			defaultConfigurationIsVisible = 0;
			defaultConfigurationName = Release;
		};
/* End XCConfigurationList section */

/* Begin XCVersionGroup section */
		11400A3F2A2735F700751E1A /* Pill_Schedule.xcdatamodeld */ = {
			isa = XCVersionGroup;
			children = (
				11400A402A2735F700751E1A /* Pill_Schedule.xcdatamodel */,
			);
			currentVersion = 11400A402A2735F700751E1A /* Pill_Schedule.xcdatamodel */;
			path = Pill_Schedule.xcdatamodeld;
			sourceTree = "<group>";
			versionGroupType = wrapper.xcdatamodel;
		};
/* End XCVersionGroup section */
	};
	rootObject = 11400A2B2A2735F600751E1A /* Project object */;
}
